
Microsoft Visual Studio Solution File, Format Version 12.00
# Visual Studio 15
VisualStudioVersion = 15.0.27703.1
MinimumVisualStudioVersion = 10.0.40219.1
Project("{8BC9CEB8-8B4A-11D0-8D11-00A0C91BC942}") = "procon29_kyogi", "procon29_kyogi\procon29_kyogi.vcxproj", "{FBD3E8EA-0417-4F54-B50F-5E4F61752F9A}"
EndProject
Project("{8BC9CEB8-8B4A-11D0-8D11-00A0C91BC942}") = "solver", "solver\solver.vcxproj", "{9C600C19-1662-487F-A9D8-762CD509718F}"
EndProject
Project("{8BC9CEB8-8B4A-11D0-8D11-00A0C91BC942}") = "GUI", "GUI\GUI.vcxproj", "{AB13CD48-417C-4CAE-AE35-05FCF0893172}"
EndProject
Project("{8BC9CEB8-8B4A-11D0-8D11-00A0C91BC942}") = "initialization", "initialization\initialization.vcxproj", "{B3589FC7-1A35-4B1C-9193-EDA2E000CBD4}"
EndProject
Project("{2150E333-8FDC-42A3-9474-1A3956D46DE8}") = "Solution Items", "Solution Items", "{1E8EC011-FBAA-45D9-B49C-B229D52930F8}"
	ProjectSection(SolutionItems) = preProject
		README.md = README.md
	EndProjectSection
EndProject
Global
	GlobalSection(SolutionConfigurationPlatforms) = preSolution
		Debug|x64 = Debug|x64
		Debug|x86 = Debug|x86
		Release|x64 = Release|x64
		Release|x86 = Release|x86
	EndGlobalSection
	GlobalSection(ProjectConfigurationPlatforms) = postSolution
		{FBD3E8EA-0417-4F54-B50F-5E4F61752F9A}.Debug|x64.ActiveCfg = Debug|x64
		{FBD3E8EA-0417-4F54-B50F-5E4F61752F9A}.Debug|x64.Build.0 = Debug|x64
		{FBD3E8EA-0417-4F54-B50F-5E4F61752F9A}.Debug|x86.ActiveCfg = Debug|Win32
		{FBD3E8EA-0417-4F54-B50F-5E4F61752F9A}.Debug|x86.Build.0 = Debug|Win32
		{FBD3E8EA-0417-4F54-B50F-5E4F61752F9A}.Release|x64.ActiveCfg = Release|x64
		{FBD3E8EA-0417-4F54-B50F-5E4F61752F9A}.Release|x64.Build.0 = Release|x64
		{FBD3E8EA-0417-4F54-B50F-5E4F61752F9A}.Release|x86.ActiveCfg = Release|Win32
		{FBD3E8EA-0417-4F54-B50F-5E4F61752F9A}.Release|x86.Build.0 = Release|Win32
		{9C600C19-1662-487F-A9D8-762CD509718F}.Debug|x64.ActiveCfg = Debug|x64
		{9C600C19-1662-487F-A9D8-762CD509718F}.Debug|x64.Build.0 = Debug|x64
		{9C600C19-1662-487F-A9D8-762CD509718F}.Debug|x86.ActiveCfg = Debug|Win32
		{9C600C19-1662-487F-A9D8-762CD509718F}.Debug|x86.Build.0 = Debug|Win32
		{9C600C19-1662-487F-A9D8-762CD509718F}.Release|x64.ActiveCfg = Release|x64
		{9C600C19-1662-487F-A9D8-762CD509718F}.Release|x64.Build.0 = Release|x64
		{9C600C19-1662-487F-A9D8-762CD509718F}.Release|x86.ActiveCfg = Release|Win32
		{9C600C19-1662-487F-A9D8-762CD509718F}.Release|x86.Build.0 = Release|Win32
		{AB13CD48-417C-4CAE-AE35-05FCF0893172}.Debug|x64.ActiveCfg = Debug|x64
		{AB13CD48-417C-4CAE-AE35-05FCF0893172}.Debug|x64.Build.0 = Debug|x64
		{AB13CD48-417C-4CAE-AE35-05FCF0893172}.Debug|x86.ActiveCfg = Debug|Win32
		{AB13CD48-417C-4CAE-AE35-05FCF0893172}.Debug|x86.Build.0 = Debug|Win32
		{AB13CD48-417C-4CAE-AE35-05FCF0893172}.Release|x64.ActiveCfg = Release|x64
		{AB13CD48-417C-4CAE-AE35-05FCF0893172}.Release|x64.Build.0 = Release|x64
		{AB13CD48-417C-4CAE-AE35-05FCF0893172}.Release|x86.ActiveCfg = Release|Win32
		{AB13CD48-417C-4CAE-AE35-05FCF0893172}.Release|x86.Build.0 = Release|Win32
		{B3589FC7-1A35-4B1C-9193-EDA2E000CBD4}.Debug|x64.ActiveCfg = Debug|x64
		{B3589FC7-1A35-4B1C-9193-EDA2E000CBD4}.Debug|x64.Build.0 = Debug|x64
		{B3589FC7-1A35-4B1C-9193-EDA2E000CBD4}.Debug|x86.ActiveCfg = Debug|Win32
		{B3589FC7-1A35-4B1C-9193-EDA2E000CBD4}.Debug|x86.Build.0 = Debug|Win32
		{B3589FC7-1A35-4B1C-9193-EDA2E000CBD4}.Release|x64.ActiveCfg = Release|x64
		{B3589FC7-1A35-4B1C-9193-EDA2E000CBD4}.Release|x64.Build.0 = Release|x64
		{B3589FC7-1A35-4B1C-9193-EDA2E000CBD4}.Release|x86.ActiveCfg = Release|Win32
		{B3589FC7-1A35-4B1C-9193-EDA2E000CBD4}.Release|x86.Build.0 = Release|Win32
	EndGlobalSection
	GlobalSection(SolutionProperties) = preSolution
		HideSolutionNode = FALSE
	EndGlobalSection
	GlobalSection(ExtensibilityGlobals) = postSolution
		SolutionGuid = {69D0CDAF-6CDF-4397-94B3-841C97EB114E}
	EndGlobalSection
EndGlobal
